
Microsoft Visual Studio Solution File, Format Version 12.00
# Visual Studio Version 17
VisualStudioVersion = 17.4.33213.308
MinimumVisualStudioVersion = 10.0.40219.1
Project("{FAE04EC0-301F-11D3-BF4B-00C04F79EFBC}") = "Learning", "Learning\Learning.csproj", "{79217BCA-6E0A-4C27-B4D5-05EBF66ECBC9}"
EndProject
Project("{FAE04EC0-301F-11D3-BF4B-00C04F79EFBC}") = "Task1", "Task1\Task1.csproj", "{A381B3DC-20CF-4696-B1DD-41EAA3FDC5AA}"
EndProject
Project("{FAE04EC0-301F-11D3-BF4B-00C04F79EFBC}") = "SI", "SI\SI.csproj", "{52DDD63D-BA27-4469-9B7C-F3816ABC7FFF}"
EndProject
Project("{FAE04EC0-301F-11D3-BF4B-00C04F79EFBC}") = "Q1", "Q1\Q1.csproj", "{DF8AF2BC-A153-4A16-AA46-D8F0302BF76D}"
EndProject
Project("{FAE04EC0-301F-11D3-BF4B-00C04F79EFBC}") = "Q2", "Q2\Q2.csproj", "{7F46268E-C33F-4F9A-8ED1-D2221CDFA8D9}"
EndProject
Project("{FAE04EC0-301F-11D3-BF4B-00C04F79EFBC}") = "Q3", "Q3\Q3.csproj", "{EA1AF404-B69D-4423-ACB4-D541F4E5DF51}"
EndProject
Project("{FAE04EC0-301F-11D3-BF4B-00C04F79EFBC}") = "Q4", "Q4\Q4.csproj", "{54EC59FC-024E-454C-B363-003F9658BD13}"
EndProject
Project("{FAE04EC0-301F-11D3-BF4B-00C04F79EFBC}") = "Q5", "Q5\Q5.csproj", "{989F2AB6-F492-40BD-AE46-53770C91B259}"
EndProject
Project("{FAE04EC0-301F-11D3-BF4B-00C04F79EFBC}") = "Q6", "Q6\Q6.csproj", "{0239A1A3-67A2-4C6B-8DAB-1F25075930FE}"
EndProject
Project("{FAE04EC0-301F-11D3-BF4B-00C04F79EFBC}") = "SimpleCalculator", "SimpleCalculator\SimpleCalculator.csproj", "{55B7E10D-ABDE-4F75-BF6E-4C952043D4CD}"
EndProject
Project("{FAE04EC0-301F-11D3-BF4B-00C04F79EFBC}") = "SimpleCalculator.Business", "SimpleCalculator.Business\SimpleCalculator.Business.csproj", "{0CB349D0-78C7-4336-8A28-1959E7913549}"
EndProject
Project("{2150E333-8FDC-42A3-9474-1A3956D46DE8}") = "SimpleCalculatorApp", "SimpleCalculatorApp", "{032D0B01-BBE2-47D7-97AA-5D6572728968}"
EndProject
Project("{2150E333-8FDC-42A3-9474-1A3956D46DE8}") = "presentation", "presentation", "{74535E66-16DD-44C6-B65D-3C477566B628}"
EndProject
Project("{2150E333-8FDC-42A3-9474-1A3956D46DE8}") = "domain", "domain", "{2EB62BB6-80EB-49E5-B6F5-8AE12B035D61}"
EndProject
Project("{FAE04EC0-301F-11D3-BF4B-00C04F79EFBC}") = "SimpleCalculator.Desktop", "SimpleCalculator.Desktop\SimpleCalculator.Desktop.csproj", "{1F60D635-1BA8-4619-9F9F-91268EEDDC32}"
EndProject
Global
	GlobalSection(SolutionConfigurationPlatforms) = preSolution
		Debug|Any CPU = Debug|Any CPU
		Release|Any CPU = Release|Any CPU
	EndGlobalSection
	GlobalSection(ProjectConfigurationPlatforms) = postSolution
		{79217BCA-6E0A-4C27-B4D5-05EBF66ECBC9}.Debug|Any CPU.ActiveCfg = Debug|Any CPU
		{79217BCA-6E0A-4C27-B4D5-05EBF66ECBC9}.Debug|Any CPU.Build.0 = Debug|Any CPU
		{79217BCA-6E0A-4C27-B4D5-05EBF66ECBC9}.Release|Any CPU.ActiveCfg = Release|Any CPU
		{79217BCA-6E0A-4C27-B4D5-05EBF66ECBC9}.Release|Any CPU.Build.0 = Release|Any CPU
		{A381B3DC-20CF-4696-B1DD-41EAA3FDC5AA}.Debug|Any CPU.ActiveCfg = Debug|Any CPU
		{A381B3DC-20CF-4696-B1DD-41EAA3FDC5AA}.Debug|Any CPU.Build.0 = Debug|Any CPU
		{A381B3DC-20CF-4696-B1DD-41EAA3FDC5AA}.Release|Any CPU.ActiveCfg = Release|Any CPU
		{A381B3DC-20CF-4696-B1DD-41EAA3FDC5AA}.Release|Any CPU.Build.0 = Release|Any CPU
		{52DDD63D-BA27-4469-9B7C-F3816ABC7FFF}.Debug|Any CPU.ActiveCfg = Debug|Any CPU
		{52DDD63D-BA27-4469-9B7C-F3816ABC7FFF}.Debug|Any CPU.Build.0 = Debug|Any CPU
		{52DDD63D-BA27-4469-9B7C-F3816ABC7FFF}.Release|Any CPU.ActiveCfg = Release|Any CPU
		{52DDD63D-BA27-4469-9B7C-F3816ABC7FFF}.Release|Any CPU.Build.0 = Release|Any CPU
		{DF8AF2BC-A153-4A16-AA46-D8F0302BF76D}.Debug|Any CPU.ActiveCfg = Debug|Any CPU
		{DF8AF2BC-A153-4A16-AA46-D8F0302BF76D}.Debug|Any CPU.Build.0 = Debug|Any CPU
		{DF8AF2BC-A153-4A16-AA46-D8F0302BF76D}.Release|Any CPU.ActiveCfg = Release|Any CPU
		{DF8AF2BC-A153-4A16-AA46-D8F0302BF76D}.Release|Any CPU.Build.0 = Release|Any CPU
		{7F46268E-C33F-4F9A-8ED1-D2221CDFA8D9}.Debug|Any CPU.ActiveCfg = Debug|Any CPU
		{7F46268E-C33F-4F9A-8ED1-D2221CDFA8D9}.Debug|Any CPU.Build.0 = Debug|Any CPU
		{7F46268E-C33F-4F9A-8ED1-D2221CDFA8D9}.Release|Any CPU.ActiveCfg = Release|Any CPU
		{7F46268E-C33F-4F9A-8ED1-D2221CDFA8D9}.Release|Any CPU.Build.0 = Release|Any CPU
		{EA1AF404-B69D-4423-ACB4-D541F4E5DF51}.Debug|Any CPU.ActiveCfg = Debug|Any CPU
		{EA1AF404-B69D-4423-ACB4-D541F4E5DF51}.Debug|Any CPU.Build.0 = Debug|Any CPU
		{EA1AF404-B69D-4423-ACB4-D541F4E5DF51}.Release|Any CPU.ActiveCfg = Release|Any CPU
		{EA1AF404-B69D-4423-ACB4-D541F4E5DF51}.Release|Any CPU.Build.0 = Release|Any CPU
		{54EC59FC-024E-454C-B363-003F9658BD13}.Debug|Any CPU.ActiveCfg = Debug|Any CPU
		{54EC59FC-024E-454C-B363-003F9658BD13}.Debug|Any CPU.Build.0 = Debug|Any CPU
		{54EC59FC-024E-454C-B363-003F9658BD13}.Release|Any CPU.ActiveCfg = Release|Any CPU
		{54EC59FC-024E-454C-B363-003F9658BD13}.Release|Any CPU.Build.0 = Release|Any CPU
		{989F2AB6-F492-40BD-AE46-53770C91B259}.Debug|Any CPU.ActiveCfg = Debug|Any CPU
		{989F2AB6-F492-40BD-AE46-53770C91B259}.Debug|Any CPU.Build.0 = Debug|Any CPU
		{989F2AB6-F492-40BD-AE46-53770C91B259}.Release|Any CPU.ActiveCfg = Release|Any CPU
		{989F2AB6-F492-40BD-AE46-53770C91B259}.Release|Any CPU.Build.0 = Release|Any CPU
		{0239A1A3-67A2-4C6B-8DAB-1F25075930FE}.Debug|Any CPU.ActiveCfg = Debug|Any CPU
		{0239A1A3-67A2-4C6B-8DAB-1F25075930FE}.Debug|Any CPU.Build.0 = Debug|Any CPU
		{0239A1A3-67A2-4C6B-8DAB-1F25075930FE}.Release|Any CPU.ActiveCfg = Release|Any CPU
		{0239A1A3-67A2-4C6B-8DAB-1F25075930FE}.Release|Any CPU.Build.0 = Release|Any CPU
		{55B7E10D-ABDE-4F75-BF6E-4C952043D4CD}.Debug|Any CPU.ActiveCfg = Debug|Any CPU
		{55B7E10D-ABDE-4F75-BF6E-4C952043D4CD}.Debug|Any CPU.Build.0 = Debug|Any CPU
		{55B7E10D-ABDE-4F75-BF6E-4C952043D4CD}.Release|Any CPU.ActiveCfg = Release|Any CPU
		{55B7E10D-ABDE-4F75-BF6E-4C952043D4CD}.Release|Any CPU.Build.0 = Release|Any CPU
		{0CB349D0-78C7-4336-8A28-1959E7913549}.Debug|Any CPU.ActiveCfg = Debug|Any CPU
		{0CB349D0-78C7-4336-8A28-1959E7913549}.Debug|Any CPU.Build.0 = Debug|Any CPU
		{0CB349D0-78C7-4336-8A28-1959E7913549}.Release|Any CPU.ActiveCfg = Release|Any CPU
		{0CB349D0-78C7-4336-8A28-1959E7913549}.Release|Any CPU.Build.0 = Release|Any CPU
		{1F60D635-1BA8-4619-9F9F-91268EEDDC32}.Debug|Any CPU.ActiveCfg = Debug|Any CPU
		{1F60D635-1BA8-4619-9F9F-91268EEDDC32}.Debug|Any CPU.Build.0 = Debug|Any CPU
		{1F60D635-1BA8-4619-9F9F-91268EEDDC32}.Release|Any CPU.ActiveCfg = Release|Any CPU
		{1F60D635-1BA8-4619-9F9F-91268EEDDC32}.Release|Any CPU.Build.0 = Release|Any CPU
	EndGlobalSection
	GlobalSection(SolutionProperties) = preSolution
		HideSolutionNode = FALSE
	EndGlobalSection
	GlobalSection(NestedProjects) = preSolution
		{55B7E10D-ABDE-4F75-BF6E-4C952043D4CD} = {74535E66-16DD-44C6-B65D-3C477566B628}
		{0CB349D0-78C7-4336-8A28-1959E7913549} = {2EB62BB6-80EB-49E5-B6F5-8AE12B035D61}
		{74535E66-16DD-44C6-B65D-3C477566B628} = {032D0B01-BBE2-47D7-97AA-5D6572728968}
		{2EB62BB6-80EB-49E5-B6F5-8AE12B035D61} = {032D0B01-BBE2-47D7-97AA-5D6572728968}
		{1F60D635-1BA8-4619-9F9F-91268EEDDC32} = {74535E66-16DD-44C6-B65D-3C477566B628}
	EndGlobalSection
	GlobalSection(ExtensibilityGlobals) = postSolution
		SolutionGuid = {A2369635-2A13-4A8F-82CE-03F3AC4ACC61}
	EndGlobalSection
EndGlobal
